
Microsoft Visual Studio Solution File, Format Version 12.00
# Visual Studio Version 16
VisualStudioVersion = 16.0.30523.141
MinimumVisualStudioVersion = 10.0.40219.1
Project("{FAE04EC0-301F-11D3-BF4B-00C04F79EFBC}") = "cubo", "cubo\cubo.csproj", "{D122F86C-114E-4D51-822E-56D333ABB12D}"
EndProject
Global
	GlobalSection(SolutionConfigurationPlatforms) = preSolution
		Debug|Any CPU = Debug|Any CPU
		Release|Any CPU = Release|Any CPU
	EndGlobalSection
	GlobalSection(ProjectConfigurationPlatforms) = postSolution
		{D122F86C-114E-4D51-822E-56D333ABB12D}.Debug|Any CPU.ActiveCfg = Debug|Any CPU
		{D122F86C-114E-4D51-822E-56D333ABB12D}.Debug|Any CPU.Build.0 = Debug|Any CPU
		{D122F86C-114E-4D51-822E-56D333ABB12D}.Release|Any CPU.ActiveCfg = Release|Any CPU
		{D122F86C-114E-4D51-822E-56D333ABB12D}.Release|Any CPU.Build.0 = Release|Any CPU
	EndGlobalSection
	GlobalSection(SolutionProperties) = preSolution
		HideSolutionNode = FALSE
	EndGlobalSection
	GlobalSection(ExtensibilityGlobals) = postSolution
		SolutionGuid = {699BB634-DE47-4B44-90A7-19A2474C6CA0}
	EndGlobalSection
EndGlobal
